
Microsoft Visual Studio Solution File, Format Version 12.00
# Visual Studio Version 17
VisualStudioVersion = 17.5.002.0
MinimumVisualStudioVersion = 10.0.40219.1
Project("{9A19103F-16F7-4668-BE54-9A1E7A4F7556}") = "webapp-sam-lab13", "webapp-sam-lab13.csproj", "{FA314FF8-69E8-4AFF-93B1-35B17AD31C77}"
EndProject
Global
	GlobalSection(SolutionConfigurationPlatforms) = preSolution
		Debug|Any CPU = Debug|Any CPU
		Release|Any CPU = Release|Any CPU
	EndGlobalSection
	GlobalSection(ProjectConfigurationPlatforms) = postSolution
		{FA314FF8-69E8-4AFF-93B1-35B17AD31C77}.Debug|Any CPU.ActiveCfg = Debug|Any CPU
		{FA314FF8-69E8-4AFF-93B1-35B17AD31C77}.Debug|Any CPU.Build.0 = Debug|Any CPU
		{FA314FF8-69E8-4AFF-93B1-35B17AD31C77}.Release|Any CPU.ActiveCfg = Release|Any CPU
		{FA314FF8-69E8-4AFF-93B1-35B17AD31C77}.Release|Any CPU.Build.0 = Release|Any CPU
	EndGlobalSection
	GlobalSection(SolutionProperties) = preSolution
		HideSolutionNode = FALSE
	EndGlobalSection
	GlobalSection(ExtensibilityGlobals) = postSolution
		SolutionGuid = {1241B8FD-5694-4E10-93E5-18C6BAE02AF1}
	EndGlobalSection
EndGlobal
